
Microsoft Visual Studio Solution File, Format Version 12.00
# Visual Studio 2012
Project("{FAE04EC0-301F-11D3-BF4B-00C04F79EFBC}") = "TechEval", "TechEval\TechEval.csproj", "{C83C3B73-70D0-4B75-937E-3E4DF9D96C47}"
EndProject
Global
	GlobalSection(SolutionConfigurationPlatforms) = preSolution
		Debug|Any CPU = Debug|Any CPU
		Release|Any CPU = Release|Any CPU
	EndGlobalSection
	GlobalSection(ProjectConfigurationPlatforms) = postSolution
		{C83C3B73-70D0-4B75-937E-3E4DF9D96C47}.Debug|Any CPU.ActiveCfg = Debug|Any CPU
		{C83C3B73-70D0-4B75-937E-3E4DF9D96C47}.Debug|Any CPU.Build.0 = Debug|Any CPU
		{C83C3B73-70D0-4B75-937E-3E4DF9D96C47}.Release|Any CPU.ActiveCfg = Release|Any CPU
		{C83C3B73-70D0-4B75-937E-3E4DF9D96C47}.Release|Any CPU.Build.0 = Release|Any CPU
	EndGlobalSection
	GlobalSection(SolutionProperties) = preSolution
		HideSolutionNode = FALSE
	EndGlobalSection
EndGlobal
